
Microsoft Visual Studio Solution File, Format Version 12.00
# Visual Studio 15
VisualStudioVersion = 15.0.27130.2024
MinimumVisualStudioVersion = 10.0.40219.1
Project("{A07B5EB6-E848-4116-A8D0-A826331D98C6}") = "Test", "Test\Test.sfproj", "{0A6A3A31-43E4-4603-A2A5-B3FE90547CDF}"
EndProject
Project("{FAE04EC0-301F-11D3-BF4B-00C04F79EFBC}") = "Stateless1", "Stateless1\Stateless1.csproj", "{77B27900-81E7-41CD-A9DE-EB5EFCF35B26}"
EndProject
Global
	GlobalSection(SolutionConfigurationPlatforms) = preSolution
		Debug|x64 = Debug|x64
		Release|x64 = Release|x64
	EndGlobalSection
	GlobalSection(ProjectConfigurationPlatforms) = postSolution
		{0A6A3A31-43E4-4603-A2A5-B3FE90547CDF}.Debug|x64.ActiveCfg = Debug|x64
		{0A6A3A31-43E4-4603-A2A5-B3FE90547CDF}.Debug|x64.Build.0 = Debug|x64
		{0A6A3A31-43E4-4603-A2A5-B3FE90547CDF}.Debug|x64.Deploy.0 = Debug|x64
		{0A6A3A31-43E4-4603-A2A5-B3FE90547CDF}.Release|x64.ActiveCfg = Release|x64
		{0A6A3A31-43E4-4603-A2A5-B3FE90547CDF}.Release|x64.Build.0 = Release|x64
		{0A6A3A31-43E4-4603-A2A5-B3FE90547CDF}.Release|x64.Deploy.0 = Release|x64
		{77B27900-81E7-41CD-A9DE-EB5EFCF35B26}.Debug|x64.ActiveCfg = Debug|x64
		{77B27900-81E7-41CD-A9DE-EB5EFCF35B26}.Debug|x64.Build.0 = Debug|x64
		{77B27900-81E7-41CD-A9DE-EB5EFCF35B26}.Release|x64.ActiveCfg = Release|x64
		{77B27900-81E7-41CD-A9DE-EB5EFCF35B26}.Release|x64.Build.0 = Release|x64
	EndGlobalSection
	GlobalSection(SolutionProperties) = preSolution
		HideSolutionNode = FALSE
	EndGlobalSection
	GlobalSection(ExtensibilityGlobals) = postSolution
		SolutionGuid = {D722C766-131F-43FC-9889-6BC93D245EB6}
	EndGlobalSection
EndGlobal
